
Microsoft Visual Studio Solution File, Format Version 12.00
# Visual Studio Version 17
VisualStudioVersion = 17.14.36623.8 d17.14
MinimumVisualStudioVersion = 10.0.40219.1
Project("{FAE04EC0-301F-11D3-BF4B-00C04F79EFBC}") = "LINQ01", "LINQ01.csproj", "{66389A19-6337-4AD3-A690-9A96FEF54731}"
EndProject
Global
	GlobalSection(SolutionConfigurationPlatforms) = preSolution
		Debug|Any CPU = Debug|Any CPU
		Release|Any CPU = Release|Any CPU
	EndGlobalSection
	GlobalSection(ProjectConfigurationPlatforms) = postSolution
		{66389A19-6337-4AD3-A690-9A96FEF54731}.Debug|Any CPU.ActiveCfg = Debug|Any CPU
		{66389A19-6337-4AD3-A690-9A96FEF54731}.Debug|Any CPU.Build.0 = Debug|Any CPU
		{66389A19-6337-4AD3-A690-9A96FEF54731}.Release|Any CPU.ActiveCfg = Release|Any CPU
		{66389A19-6337-4AD3-A690-9A96FEF54731}.Release|Any CPU.Build.0 = Release|Any CPU
	EndGlobalSection
	GlobalSection(SolutionProperties) = preSolution
		HideSolutionNode = FALSE
	EndGlobalSection
	GlobalSection(ExtensibilityGlobals) = postSolution
		SolutionGuid = {7CAF65DE-01CB-44A9-A14B-5C9BCA0DAF5C}
	EndGlobalSection
EndGlobal
